{
  "version": 4,
  "terraform_version": "1.1.9",
  "serial": 21,
  "lineage": "a125ee20-7dde-1f9e-241d-23aaea884aab",
  "outputs": {},
  "resources": [
    {
      "mode": "managed",
      "type": "virtualbox_vm",
      "name": "node",
      "provider": "provider[\"registry.terraform.io/terra-farm/virtualbox\"]",
      "instances": [
        {
          "index_key": 0,
          "schema_version": 0,
          "attributes": {
            "boot_order": null,
            "checksum": null,
            "checksum_type": null,
            "cpus": 2,
            "id": "458f83b7-097c-4713-a2db-12c107d69fc3",
            "image": "https://app.vagrantup.com/ubuntu/boxes/focal64/versions/20220505.0.0/providers/virtualbox.box",
            "memory": "1.9 gib",
            "name": "ubuntu-01",
            "network_adapter": [
              {
                "device": "IntelPro1000MTServer",
                "host_interface": "enp37s0",
                "ipv4_address": "192.168.50.209",
                "ipv4_address_available": "yes",
                "mac_address": "0800273C4F59",
                "status": "up",
                "type": "bridged"
              }
            ],
            "optical_disks": null,
            "status": "running",
            "url": null,
            "user_data": null
          },
          "sensitive_attributes": [],
          "private": "bnVsbA=="
        },
        {
          "index_key": 1,
          "schema_version": 0,
          "attributes": {
            "boot_order": null,
            "checksum": null,
            "checksum_type": null,
            "cpus": 2,
            "id": "084c5e8d-f326-4be4-922c-81fe5a475493",
            "image": "https://app.vagrantup.com/ubuntu/boxes/focal64/versions/20220505.0.0/providers/virtualbox.box",
            "memory": "1.9 gib",
            "name": "ubuntu-02",
            "network_adapter": [
              {
                "device": "IntelPro1000MTServer",
                "host_interface": "enp37s0",
                "ipv4_address": "192.168.50.138",
                "ipv4_address_available": "yes",
                "mac_address": "080027B224CB",
                "status": "up",
                "type": "bridged"
              }
            ],
            "optical_disks": null,
            "status": "running",
            "url": null,
            "user_data": null
          },
          "sensitive_attributes": [],
          "private": "bnVsbA=="
        },
        {
          "index_key": 2,
          "schema_version": 0,
          "attributes": {
            "boot_order": null,
            "checksum": null,
            "checksum_type": null,
            "cpus": 2,
            "id": "fda7cde8-0c01-4262-a591-d4b812e12273",
            "image": "https://app.vagrantup.com/ubuntu/boxes/focal64/versions/20220505.0.0/providers/virtualbox.box",
            "memory": "1.9 gib",
            "name": "ubuntu-03",
            "network_adapter": [
              {
                "device": "IntelPro1000MTServer",
                "host_interface": "enp37s0",
                "ipv4_address": "192.168.50.214",
                "ipv4_address_available": "yes",
                "mac_address": "0800277C5F37",
                "status": "up",
                "type": "bridged"
              }
            ],
            "optical_disks": null,
            "status": "running",
            "url": null,
            "user_data": null
          },
          "sensitive_attributes": [],
          "private": "bnVsbA=="
        }
      ]
    }
  ]
}
